
Microsoft Visual Studio Solution File, Format Version 12.00
# Visual Studio Version 16
VisualStudioVersion = 16.0.30114.105
MinimumVisualStudioVersion = 10.0.40219.1
Project("{FAE04EC0-301F-11D3-BF4B-00C04F79EFBC}") = "P2PProcessing", "P2PProcessing\P2PProcessing.csproj", "{4D5862EF-6B0E-49B1-A303-BB46B789DD99}"
EndProject
Project("{FAE04EC0-301F-11D3-BF4B-00C04F79EFBC}") = "P2PProcessingConsole", "P2PProcessingConsole\P2PProcessingConsole.csproj", "{651F722A-EA24-40A1-9236-4AD92B44CF16}"
EndProject
Global
	GlobalSection(SolutionConfigurationPlatforms) = preSolution
		Debug|Any CPU = Debug|Any CPU
		Release|Any CPU = Release|Any CPU
	EndGlobalSection
	GlobalSection(ProjectConfigurationPlatforms) = postSolution
		{4D5862EF-6B0E-49B1-A303-BB46B789DD99}.Debug|Any CPU.ActiveCfg = Debug|Any CPU
		{4D5862EF-6B0E-49B1-A303-BB46B789DD99}.Debug|Any CPU.Build.0 = Debug|Any CPU
		{4D5862EF-6B0E-49B1-A303-BB46B789DD99}.Release|Any CPU.ActiveCfg = Release|Any CPU
		{4D5862EF-6B0E-49B1-A303-BB46B789DD99}.Release|Any CPU.Build.0 = Release|Any CPU
		{651F722A-EA24-40A1-9236-4AD92B44CF16}.Debug|Any CPU.ActiveCfg = Debug|Any CPU
		{651F722A-EA24-40A1-9236-4AD92B44CF16}.Debug|Any CPU.Build.0 = Debug|Any CPU
		{651F722A-EA24-40A1-9236-4AD92B44CF16}.Release|Any CPU.ActiveCfg = Release|Any CPU
		{651F722A-EA24-40A1-9236-4AD92B44CF16}.Release|Any CPU.Build.0 = Release|Any CPU
	EndGlobalSection
	GlobalSection(SolutionProperties) = preSolution
		HideSolutionNode = FALSE
	EndGlobalSection
	GlobalSection(ExtensibilityGlobals) = postSolution
		SolutionGuid = {216675C2-E8AE-4CA1-911F-9ACE5A491291}
	EndGlobalSection
EndGlobal
